
Microsoft Visual Studio Solution File, Format Version 12.00
# Visual Studio Version 16
VisualStudioVersion = 16.0.31205.134
MinimumVisualStudioVersion = 10.0.40219.1
Project("{FAE04EC0-301F-11D3-BF4B-00C04F79EFBC}") = "WinFormsNorthwind", "WinFormsNorthwind\WinFormsNorthwind.csproj", "{642D00E2-FA8E-42ED-823C-761B75B7581F}"
EndProject
Global
	GlobalSection(SolutionConfigurationPlatforms) = preSolution
		Debug|Any CPU = Debug|Any CPU
		Release|Any CPU = Release|Any CPU
	EndGlobalSection
	GlobalSection(ProjectConfigurationPlatforms) = postSolution
		{642D00E2-FA8E-42ED-823C-761B75B7581F}.Debug|Any CPU.ActiveCfg = Debug|Any CPU
		{642D00E2-FA8E-42ED-823C-761B75B7581F}.Debug|Any CPU.Build.0 = Debug|Any CPU
		{642D00E2-FA8E-42ED-823C-761B75B7581F}.Release|Any CPU.ActiveCfg = Release|Any CPU
		{642D00E2-FA8E-42ED-823C-761B75B7581F}.Release|Any CPU.Build.0 = Release|Any CPU
	EndGlobalSection
	GlobalSection(SolutionProperties) = preSolution
		HideSolutionNode = FALSE
	EndGlobalSection
	GlobalSection(ExtensibilityGlobals) = postSolution
		SolutionGuid = {E0A901C4-D50F-4F3F-9C11-AC20F78A8219}
	EndGlobalSection
EndGlobal
